
Microsoft Visual Studio Solution File, Format Version 12.00
# Visual Studio Version 16
VisualStudioVersion = 16.0.28917.181
MinimumVisualStudioVersion = 10.0.40219.1
Project("{FAE04EC0-301F-11D3-BF4B-00C04F79EFBC}") = "TCPChat", "TCPChat\TCPChat.csproj", "{07ABCA0E-E5D3-4CEB-8AA2-FD61F826C6E2}"
EndProject
Project("{FAE04EC0-301F-11D3-BF4B-00C04F79EFBC}") = "Server", "Server\Server.csproj", "{62BFC7C1-2A62-4B54-AFDA-655EE0002859}"
EndProject
Project("{FAE04EC0-301F-11D3-BF4B-00C04F79EFBC}") = "Data", "Data\Data.csproj", "{D7F4ECF2-8043-456E-90F4-E4B9D92B7B69}"
EndProject
Global
	GlobalSection(SolutionConfigurationPlatforms) = preSolution
		Debug|Any CPU = Debug|Any CPU
		Release|Any CPU = Release|Any CPU
	EndGlobalSection
	GlobalSection(ProjectConfigurationPlatforms) = postSolution
		{07ABCA0E-E5D3-4CEB-8AA2-FD61F826C6E2}.Debug|Any CPU.ActiveCfg = Debug|Any CPU
		{07ABCA0E-E5D3-4CEB-8AA2-FD61F826C6E2}.Debug|Any CPU.Build.0 = Debug|Any CPU
		{07ABCA0E-E5D3-4CEB-8AA2-FD61F826C6E2}.Release|Any CPU.ActiveCfg = Release|Any CPU
		{07ABCA0E-E5D3-4CEB-8AA2-FD61F826C6E2}.Release|Any CPU.Build.0 = Release|Any CPU
		{62BFC7C1-2A62-4B54-AFDA-655EE0002859}.Debug|Any CPU.ActiveCfg = Debug|Any CPU
		{62BFC7C1-2A62-4B54-AFDA-655EE0002859}.Debug|Any CPU.Build.0 = Debug|Any CPU
		{62BFC7C1-2A62-4B54-AFDA-655EE0002859}.Release|Any CPU.ActiveCfg = Release|Any CPU
		{62BFC7C1-2A62-4B54-AFDA-655EE0002859}.Release|Any CPU.Build.0 = Release|Any CPU
		{D7F4ECF2-8043-456E-90F4-E4B9D92B7B69}.Debug|Any CPU.ActiveCfg = Debug|Any CPU
		{D7F4ECF2-8043-456E-90F4-E4B9D92B7B69}.Debug|Any CPU.Build.0 = Debug|Any CPU
		{D7F4ECF2-8043-456E-90F4-E4B9D92B7B69}.Release|Any CPU.ActiveCfg = Release|Any CPU
		{D7F4ECF2-8043-456E-90F4-E4B9D92B7B69}.Release|Any CPU.Build.0 = Release|Any CPU
	EndGlobalSection
	GlobalSection(SolutionProperties) = preSolution
		HideSolutionNode = FALSE
	EndGlobalSection
	GlobalSection(ExtensibilityGlobals) = postSolution
		SolutionGuid = {9C65211C-3C18-420D-B667-3EE5B7C18581}
	EndGlobalSection
EndGlobal
